
Microsoft Visual Studio Solution File, Format Version 12.00
# Visual Studio Version 17
VisualStudioVersion = 17.11.35222.181
MinimumVisualStudioVersion = 10.0.40219.1
Project("{FAE04EC0-301F-11D3-BF4B-00C04F79EFBC}") = "Topic 2 Attempt 2", "Topic 2 Attempt 2.csproj", "{20A7A318-4B88-4F1C-B378-B1A91949E679}"
EndProject
Global
	GlobalSection(SolutionConfigurationPlatforms) = preSolution
		Debug|Any CPU = Debug|Any CPU
		Release|Any CPU = Release|Any CPU
	EndGlobalSection
	GlobalSection(ProjectConfigurationPlatforms) = postSolution
		{20A7A318-4B88-4F1C-B378-B1A91949E679}.Debug|Any CPU.ActiveCfg = Debug|Any CPU
		{20A7A318-4B88-4F1C-B378-B1A91949E679}.Debug|Any CPU.Build.0 = Debug|Any CPU
		{20A7A318-4B88-4F1C-B378-B1A91949E679}.Release|Any CPU.ActiveCfg = Release|Any CPU
		{20A7A318-4B88-4F1C-B378-B1A91949E679}.Release|Any CPU.Build.0 = Release|Any CPU
	EndGlobalSection
	GlobalSection(SolutionProperties) = preSolution
		HideSolutionNode = FALSE
	EndGlobalSection
	GlobalSection(ExtensibilityGlobals) = postSolution
		SolutionGuid = {E1F471F9-48DD-4F28-9FA8-E0CDE0E2466A}
	EndGlobalSection
EndGlobal
